<?xml version="1.0" encoding="utf-8"?>
<Project ToolsVersion="4.0" xmlns="http://schemas.microsoft.com/developer/msbuild/2003">
  <ItemGroup>
    <Filter Include="Source Files">
      <UniqueIdentifier>{4FC737F1-C7A5-4376-A066-2A32D752A2FF}</UniqueIdentifier>
      <Extensions>cpp;c;cc;cxx;c++;cppm;ixx;def;odl;idl;hpj;bat;asm;asmx</Extensions>
    </Filter>
    <Filter Include="Header Files">
      <UniqueIdentifier>{93995380-89BD-4b04-88EB-625FBE52EBFB}</UniqueIdentifier>
      <Extensions>h;hh;hpp;hxx;h++;hm;inl;inc;ipp;xsd</Extensions>
    </Filter>
    <Filter Include="Resource Files">
      <UniqueIdentifier>{67DA6AB6-F800-4c08-8B7A-83BB121AAD01}</UniqueIdentifier>
      <Extensions>rc;ico;cur;bmp;dlg;rc2;rct;bin;rgs;gif;jpg;jpeg;jpe;resx;tiff;tif;png;wav;mfcribbon-ms</Extensions>
    </Filter>
    <Filter Include="Documentation Files">
      <UniqueIdentifier>{c1509d4a-343f-44ff-9ec1-63083afccfe5}</UniqueIdentifier>
    </Filter>
    <Filter Include="Header Files\Interfaces">
      <UniqueIdentifier>{0a5e5706-89f9-41e7-82ec-846c1bef73f2}</UniqueIdentifier>
    </Filter>
  </ItemGroup>
  <ItemGroup>
    <None Include="doc\class_diagram.drawio">
      <Filter>Documentation Files</Filter>
    </None>
  </ItemGroup>
  <ItemGroup>
    <Image Include="doc\class_diagram.png">
      <Filter>Documentation Files</Filter>
    </Image>
  </ItemGroup>
  <ItemGroup>
    <ClInclude Include="src\Common_Types\CommonTypes.h">
      <Filter>Header Files</Filter>
    </ClInclude>
    <ClInclude Include="src\ECG_Baseline\ECGBaseline.h">
      <Filter>Header Files</Filter>
    </ClInclude>
    <ClInclude Include="src\ECG_Baseline\iECGBaseline.h">
      <Filter>Header Files\Interfaces</Filter>
    </ClInclude>
    <ClInclude Include="src\ECG_Service\iECGService.h">
      <Filter>Header Files\Interfaces</Filter>
    </ClInclude>
    <ClInclude Include="src\Heart_Class\iHeartClass.h">
      <Filter>Header Files\Interfaces</Filter>
    </ClInclude>
    <ClInclude Include="src\HRV1\iHRV1.h">
      <Filter>Header Files\Interfaces</Filter>
    </ClInclude>
    <ClInclude Include="src\HRV2\iHRV2.h">
      <Filter>Header Files\Interfaces</Filter>
    </ClInclude>
    <ClInclude Include="src\HRV_DFA\iHRVDFA.h">
      <Filter>Header Files\Interfaces</Filter>
    </ClInclude>
    <ClInclude Include="src\Input\iInput.h">
      <Filter>Header Files\Interfaces</Filter>
    </ClInclude>
    <ClInclude Include="src\Output\iOutput.h">
      <Filter>Header Files\Interfaces</Filter>
    </ClInclude>
    <ClInclude Include="src\R_Peaks\iRPeaks.h">
      <Filter>Header Files\Interfaces</Filter>
    </ClInclude>
    <ClInclude Include="src\ST_Segment\iSTSegment.h">
      <Filter>Header Files\Interfaces</Filter>
    </ClInclude>
    <ClInclude Include="src\T_Wave_Alt\iTWaveAlt.h">
      <Filter>Header Files\Interfaces</Filter>
    </ClInclude>
    <ClInclude Include="src\Waves\iWaves.h">
      <Filter>Header Files\Interfaces</Filter>
    </ClInclude>
    <ClInclude Include="src\R_Peaks\Rpeaks.h">
      <Filter>Header Files</Filter>
    </ClInclude>
    <ClInclude Include="src\HRV1\HRV1.h">
      <Filter>Header Files</Filter>
    </ClInclude>
    <ClInclude Include="src\HRV2\HRV2.h">
      <Filter>Header Files</Filter>
    </ClInclude>
    <ClInclude Include="src\HRV_DFA\HRVDFA.h">
      <Filter>Header Files</Filter>
    </ClInclude>
  </ItemGroup>
  <ItemGroup>
    <ClCompile Include="src\R_Peaks\RPeaks.cpp">
      <Filter>Source Files</Filter>
    </ClCompile>
    <ClCompile Include="src\HRV1\HRV1.cpp">
      <Filter>Source Files</Filter>
    </ClCompile>
    <ClCompile Include="src\HRV2\HRV2.cpp">
      <Filter>Source Files</Filter>
    </ClCompile>
    <ClCompile Include="src\HRV_DFA\HRVDFA.cpp">
      <Filter>Source Files</Filter>
    </ClCompile>
  </ItemGroup>
  <ItemGroup>
    <ClCompile Include="src\ECG_Service\temp_main.cpp">
      <Filter>Source Files</Filter>
    </ClCompile>
    <ClCompile Include="src\ECG_Baseline\ECGBaseline.cpp">
      <Filter>Source Files</Filter>
    </ClCompile>
  </ItemGroup>
</Project>